version = 1
requires-python = ">=3.10"
resolution-markers = [
    "python_full_version >= '3.12'",
    "python_full_version == '3.11.*'",
    "python_full_version < '3.11'",
]

[[package]]
name = "comtypes"
version = "1.4.6"
source = { registry = "https://pypi.org/simple" }
sdist = { url = "https://files.pythonhosted.org/packages/23/2f/2fb76132fee20d2f6429cf772e81938c5db312894ef72131212ed4f9bc05/comtypes-1.4.6.zip", hash = "sha256:613cb6799a1a5e2e7cd44fa433a4a71a637f4bab9d5a4d770d5357ff7ac6bc36", size = 245616 }
wheels = [
    { url = "https://files.pythonhosted.org/packages/91/85/3885c830af528337619f8bc8d0d3e56576077cafbb1b51977ffc7e17888c/comtypes-1.4.6-py3-none-any.whl", hash = "sha256:51e7e43f45ec5e7bb2fd532c0e8b7564a7adb8c0b1c1d9c15b64963b4b103e3a", size = 222082 },
]

[[package]]
name = "cycler"
version = "0.11.0"
source = { registry = "https://pypi.org/simple" }
sdist = { url = "https://files.pythonhosted.org/packages/34/45/a7caaacbfc2fa60bee42effc4bcc7d7c6dbe9c349500e04f65a861c15eb9/cycler-0.11.0.tar.gz", hash = "sha256:9c87405839a19696e837b3b818fed3f5f69f16f1eec1a1ad77e043dcea9c772f", size = 18784 }
wheels = [
    { url = "https://files.pythonhosted.org/packages/5c/f9/695d6bedebd747e5eb0fe8fad57b72fdf25411273a39791cde838d5a8f51/cycler-0.11.0-py3-none-any.whl", hash = "sha256:3a27e95f763a428a739d2add979fa7494c912a32c17c4c38c4d5f082cad165a3", size = 6389 },
]

[[package]]
name = "fonttools"
version = "4.38.0"
source = { registry = "https://pypi.org/simple" }
sdist = { url = "https://files.pythonhosted.org/packages/55/5c/a4a25cf6db42d113d8f626901bb156b2f7cf7c7564a6bbc7b5cd6f7cb484/fonttools-4.38.0.zip", hash = "sha256:2bb244009f9bf3fa100fc3ead6aeb99febe5985fa20afbfbaa2f8946c2fbdaf1", size = 5071980 }
wheels = [
    { url = "https://files.pythonhosted.org/packages/e3/d9/e9bae85e84737e76ebbcbea13607236da0c0699baed0ae4f1151b728a608/fonttools-4.38.0-py3-none-any.whl", hash = "sha256:820466f43c8be8c3009aef8b87e785014133508f0de64ec469e4efb643ae54fb", size = 965361 },
]

[[package]]
name = "kiwisolver"
version = "1.4.5"
source = { registry = "https://pypi.org/simple" }
sdist = { url = "https://files.pythonhosted.org/packages/b9/2d/226779e405724344fc678fcc025b812587617ea1a48b9442628b688e85ea/kiwisolver-1.4.5.tar.gz", hash = "sha256:e57e563a57fb22a142da34f38acc2fc1a5c864bc29ca1517a88abc963e60d6ec", size = 97552 }
wheels = [
    { url = "https://files.pythonhosted.org/packages/f1/56/cb02dcefdaab40df636b91e703b172966b444605a0ea313549f3ffc05bd3/kiwisolver-1.4.5-cp310-cp310-macosx_10_9_universal2.whl", hash = "sha256:05703cf211d585109fcd72207a31bb170a0f22144d68298dc5e61b3c946518af", size = 127397 },
    { url = "https://files.pythonhosted.org/packages/0e/c1/d084f8edb26533a191415d5173157080837341f9a06af9dd1a75f727abb4/kiwisolver-1.4.5-cp310-cp310-macosx_10_9_x86_64.whl", hash = "sha256:146d14bebb7f1dc4d5fbf74f8a6cb15ac42baadee8912eb84ac0b3b2a3dc6ac3", size = 68125 },
    { url = "https://files.pythonhosted.org/packages/23/11/6fb190bae4b279d712a834e7b1da89f6dcff6791132f7399aa28a57c3565/kiwisolver-1.4.5-cp310-cp310-macosx_11_0_arm64.whl", hash = "sha256:6ef7afcd2d281494c0a9101d5c571970708ad911d028137cd558f02b851c08b4", size = 66211 },
    { url = "https://files.pythonhosted.org/packages/b3/13/5e9e52feb33e9e063f76b2c5eb09cb977f5bba622df3210081bfb26ec9a3/kiwisolver-1.4.5-cp310-cp310-manylinux_2_12_i686.manylinux2010_i686.whl", hash = "sha256:9eaa8b117dc8337728e834b9c6e2611f10c79e38f65157c4c38e9400286f5cb1", size = 1637145 },
    { url = "https://files.pythonhosted.org/packages/6f/40/4ab1fdb57fced80ce5903f04ae1aed7c1d5939dda4fd0c0aa526c12fe28a/kiwisolver-1.4.5-cp310-cp310-manylinux_2_12_x86_64.manylinux2010_x86_64.whl", hash = "sha256:ec20916e7b4cbfb1f12380e46486ec4bcbaa91a9c448b97023fde0d5bbf9e4ff", size = 1617849 },
    { url = "https://files.pythonhosted.org/packages/49/ca/61ef43bd0832c7253b370735b0c38972c140c8774889b884372a629a8189/kiwisolver-1.4.5-cp310-cp310-manylinux_2_17_aarch64.manylinux2014_aarch64.whl", hash = "sha256:39b42c68602539407884cf70d6a480a469b93b81b7701378ba5e2328660c847a", size = 1400921 },
    { url = "https://files.pythonhosted.org/packages/68/6f/854f6a845c00b4257482468e08d8bc386f4929ee499206142378ba234419/kiwisolver-1.4.5-cp310-cp310-manylinux_2_17_ppc64le.manylinux2014_ppc64le.whl", hash = "sha256:aa12042de0171fad672b6c59df69106d20d5596e4f87b5e8f76df757a7c399aa", size = 1513009 },
    { url = "https://files.pythonhosted.org/packages/50/65/76f303377167d12eb7a9b423d6771b39fe5c4373e4a42f075805b1f581ae/kiwisolver-1.4.5-cp310-cp310-manylinux_2_17_s390x.manylinux2014_s390x.whl", hash = "sha256:2a40773c71d7ccdd3798f6489aaac9eee213d566850a9533f8d26332d626b82c", size = 1444819 },
    { url = "https://files.pythonhosted.org/packages/7e/ee/98cdf9dde129551467138b6e18cc1cc901e75ecc7ffb898c6f49609f33b1/kiwisolver-1.4.5-cp310-cp310-musllinux_1_1_aarch64.whl", hash = "sha256:19df6e621f6d8b4b9c4d45f40a66839294ff2bb235e64d2178f7522d9170ac5b", size = 1817054 },
    { url = "https://files.pythonhosted.org/packages/e6/5b/ab569016ec4abc7b496f6cb8a3ab511372c99feb6a23d948cda97e0db6da/kiwisolver-1.4.5-cp310-cp310-musllinux_1_1_i686.whl", hash = "sha256:83d78376d0d4fd884e2c114d0621624b73d2aba4e2788182d286309ebdeed770", size = 1918613 },
    { url = "https://files.pythonhosted.org/packages/93/ac/39b9f99d2474b1ac7af1ddfe5756ddf9b6a8f24c5f3a32cd4c010317fc6b/kiwisolver-1.4.5-cp310-cp310-musllinux_1_1_ppc64le.whl", hash = "sha256:e391b1f0a8a5a10ab3b9bb6afcfd74f2175f24f8975fb87ecae700d1503cdee0", size = 1872650 },
    { url = "https://files.pythonhosted.org/packages/40/5b/be568548266516b114d1776120281ea9236c732fb6032a1f8f3b1e5e921c/kiwisolver-1.4.5-cp310-cp310-musllinux_1_1_s390x.whl", hash = "sha256:852542f9481f4a62dbb5dd99e8ab7aedfeb8fb6342349a181d4036877410f525", size = 1827415 },
    { url = "https://files.pythonhosted.org/packages/d4/80/c0c13d2a17a12937a19ef378bf35e94399fd171ed6ec05bcee0f038e1eaf/kiwisolver-1.4.5-cp310-cp310-musllinux_1_1_x86_64.whl", hash = "sha256:59edc41b24031bc25108e210c0def6f6c2191210492a972d585a06ff246bb79b", size = 1838094 },
    { url = "https://files.pythonhosted.org/packages/70/d1/5ab93ee00ca5af708929cc12fbe665b6f1ed4ad58088e70dc00e87e0d107/kiwisolver-1.4.5-cp310-cp310-win32.whl", hash = "sha256:a6aa6315319a052b4ee378aa171959c898a6183f15c1e541821c5c59beaa0238", size = 46585 },
    { url = "https://files.pythonhosted.org/packages/4a/a1/8a9c9be45c642fa12954855d8b3a02d9fd8551165a558835a19508fec2e6/kiwisolver-1.4.5-cp310-cp310-win_amd64.whl", hash = "sha256:d0ef46024e6a3d79c01ff13801cb19d0cad7fd859b15037aec74315540acc276", size = 56095 },
    { url = "https://files.pythonhosted.org/packages/2a/eb/9e099ad7c47c279995d2d20474e1821100a5f10f847739bd65b1c1f02442/kiwisolver-1.4.5-cp311-cp311-macosx_10_9_universal2.whl", hash = "sha256:11863aa14a51fd6ec28688d76f1735f8f69ab1fabf388851a595d0721af042f5", size = 127403 },
    { url = "https://files.pythonhosted.org/packages/a6/94/695922e71288855fc7cace3bdb52edda9d7e50edba77abb0c9d7abb51e96/kiwisolver-1.4.5-cp311-cp311-macosx_10_9_x86_64.whl", hash = "sha256:8ab3919a9997ab7ef2fbbed0cc99bb28d3c13e6d4b1ad36e97e482558a91be90", size = 68156 },
    { url = "https://files.pythonhosted.org/packages/4a/fe/23d7fa78f7c66086d196406beb1fb2eaf629dd7adc01c3453033303d17fa/kiwisolver-1.4.5-cp311-cp311-macosx_11_0_arm64.whl", hash = "sha256:fcc700eadbbccbf6bc1bcb9dbe0786b4b1cb91ca0dcda336eef5c2beed37b797", size = 66166 },
    { url = "https://files.pythonhosted.org/packages/f1/68/f472bf16c9141bb1bea5c0b8c66c68fc1ccb048efdbd8f0872b92125724e/kiwisolver-1.4.5-cp311-cp311-manylinux_2_12_i686.manylinux2010_i686.manylinux_2_17_i686.manylinux2014_i686.whl", hash = "sha256:dfdd7c0b105af050eb3d64997809dc21da247cf44e63dc73ff0fd20b96be55a9", size = 1334300 },
    { url = "https://files.pythonhosted.org/packages/8d/26/b4569d1f29751fca22ee915b4ebfef5974f4ef239b3335fc072882bd62d9/kiwisolver-1.4.5-cp311-cp311-manylinux_2_17_aarch64.manylinux2014_aarch64.whl", hash = "sha256:76c6a5964640638cdeaa0c359382e5703e9293030fe730018ca06bc2010c4437", size = 1426579 },
    { url = "https://files.pythonhosted.org/packages/f3/a3/804fc7c8bf233806ec0321c9da35971578620f2ab4fafe67d76100b3ce52/kiwisolver-1.4.5-cp311-cp311-manylinux_2_17_ppc64le.manylinux2014_ppc64le.whl", hash = "sha256:bbea0db94288e29afcc4c28afbf3a7ccaf2d7e027489c449cf7e8f83c6346eb9", size = 1541360 },
    { url = "https://files.pythonhosted.org/packages/07/ef/286e1d26524854f6fbd6540e8364d67a8857d61038ac743e11edc42fe217/kiwisolver-1.4.5-cp311-cp311-manylinux_2_17_s390x.manylinux2014_s390x.whl", hash = "sha256:ceec1a6bc6cab1d6ff5d06592a91a692f90ec7505d6463a88a52cc0eb58545da", size = 1470091 },
    { url = "https://files.pythonhosted.org/packages/17/ba/17a706b232308e65f57deeccae503c268292e6a091313f6ce833a23093ea/kiwisolver-1.4.5-cp311-cp311-manylinux_2_17_x86_64.manylinux2014_x86_64.whl", hash = "sha256:040c1aebeda72197ef477a906782b5ab0d387642e93bda547336b8957c61022e", size = 1426259 },
    { url = "https://files.pythonhosted.org/packages/d0/f3/a0925611c9d6c2f37c5935a39203cadec6883aa914e013b46c84c4c2e641/kiwisolver-1.4.5-cp311-cp311-musllinux_1_1_aarch64.whl", hash = "sha256:f91de7223d4c7b793867797bacd1ee53bfe7359bd70d27b7b58a04efbb9436c8", size = 1847516 },
    { url = "https://files.pythonhosted.org/packages/da/85/82d59bb8f7c4c9bb2785138b72462cb1b161668f8230c58bbb28c0403cd5/kiwisolver-1.4.5-cp311-cp311-musllinux_1_1_i686.whl", hash = "sha256:faae4860798c31530dd184046a900e652c95513796ef51a12bc086710c2eec4d", size = 1946228 },
    { url = "https://files.pythonhosted.org/packages/34/3c/6a37f444c0233993881e5db3a6a1775925d4d9d2f2609bb325bb1348ed94/kiwisolver-1.4.5-cp311-cp311-musllinux_1_1_ppc64le.whl", hash = "sha256:b0157420efcb803e71d1b28e2c287518b8808b7cf1ab8af36718fd0a2c453eb0", size = 1901716 },
    { url = "https://files.pythonhosted.org/packages/cd/7e/180425790efc00adfd47db14e1e341cb4826516982334129012b971121a6/kiwisolver-1.4.5-cp311-cp311-musllinux_1_1_s390x.whl", hash = "sha256:06f54715b7737c2fecdbf140d1afb11a33d59508a47bf11bb38ecf21dc9ab79f", size = 1852871 },
    { url = "https://files.pythonhosted.org/packages/1b/9a/13c68b2edb1fa74321e60893a9a5829788e135138e68060cf44e2d92d2c3/kiwisolver-1.4.5-cp311-cp311-musllinux_1_1_x86_64.whl", hash = "sha256:fdb7adb641a0d13bdcd4ef48e062363d8a9ad4a182ac7647ec88f695e719ae9f", size = 1870265 },
    { url = "https://files.pythonhosted.org/packages/9f/0a/fa56a0fdee5da2b4c79899c0f6bd1aefb29d9438c2d66430e78793571c6b/kiwisolver-1.4.5-cp311-cp311-win32.whl", hash = "sha256:bb86433b1cfe686da83ce32a9d3a8dd308e85c76b60896d58f082136f10bffac", size = 46649 },
    { url = "https://files.pythonhosted.org/packages/1e/37/d3c2d4ba2719059a0f12730947bbe1ad5ee8bff89e8c35319dcb2c9ddb4c/kiwisolver-1.4.5-cp311-cp311-win_amd64.whl", hash = "sha256:6c08e1312a9cf1074d17b17728d3dfce2a5125b2d791527f33ffbe805200a355", size = 56116 },
    { url = "https://files.pythonhosted.org/packages/f3/7a/debbce859be1a2711eb8437818107137192007b88d17b5cfdb556f457b42/kiwisolver-1.4.5-cp312-cp312-macosx_10_9_universal2.whl", hash = "sha256:32d5cf40c4f7c7b3ca500f8985eb3fb3a7dfc023215e876f207956b5ea26632a", size = 125484 },
    { url = "https://files.pythonhosted.org/packages/2d/e0/bf8df75ba93b9e035cc6757dd5dcaf63084fdc1c846ae134e818bd7e0f03/kiwisolver-1.4.5-cp312-cp312-macosx_10_9_x86_64.whl", hash = "sha256:f846c260f483d1fd217fe5ed7c173fb109efa6b1fc8381c8b7552c5781756192", size = 67332 },
    { url = "https://files.pythonhosted.org/packages/26/61/58bb691f6880588be3a4801d199bd776032ece07203faf3e4a8b377f7d9b/kiwisolver-1.4.5-cp312-cp312-macosx_11_0_arm64.whl", hash = "sha256:5ff5cf3571589b6d13bfbfd6bcd7a3f659e42f96b5fd1c4830c4cf21d4f5ef45", size = 64987 },
    { url = "https://files.pythonhosted.org/packages/8e/a3/96ac5413068b237c006f54dd8d70114e8756d70e3da7613c5aef20627e22/kiwisolver-1.4.5-cp312-cp312-manylinux_2_12_i686.manylinux2010_i686.manylinux_2_17_i686.manylinux2014_i686.whl", hash = "sha256:7269d9e5f1084a653d575c7ec012ff57f0c042258bf5db0954bf551c158466e7", size = 1370613 },
    { url = "https://files.pythonhosted.org/packages/4d/12/f48539e6e17068b59c7f12f4d6214b973431b8e3ac83af525cafd27cebec/kiwisolver-1.4.5-cp312-cp312-manylinux_2_17_aarch64.manylinux2014_aarch64.whl", hash = "sha256:da802a19d6e15dffe4b0c24b38b3af68e6c1a68e6e1d8f30148c83864f3881db", size = 1463183 },
    { url = "https://files.pythonhosted.org/packages/f3/70/26c99be8eb034cc8e3f62e0760af1fbdc97a842a7cbc252f7978507d41c2/kiwisolver-1.4.5-cp312-cp312-manylinux_2_17_ppc64le.manylinux2014_ppc64le.whl", hash = "sha256:3aba7311af82e335dd1e36ffff68aaca609ca6290c2cb6d821a39aa075d8e3ff", size = 1581248 },
    { url = "https://files.pythonhosted.org/packages/17/f6/f75f20e543639b09b2de7fc864274a5a9b96cda167a6210a1d9d19306b9d/kiwisolver-1.4.5-cp312-cp312-manylinux_2_17_s390x.manylinux2014_s390x.whl", hash = "sha256:763773d53f07244148ccac5b084da5adb90bfaee39c197554f01b286cf869228", size = 1508815 },
    { url = "https://files.pythonhosted.org/packages/e3/d5/bc0f22ac108743062ab703f8d6d71c9c7b077b8839fa358700bfb81770b8/kiwisolver-1.4.5-cp312-cp312-manylinux_2_17_x86_64.manylinux2014_x86_64.whl", hash = "sha256:2270953c0d8cdab5d422bee7d2007f043473f9d2999631c86a223c9db56cbd16", size = 1466042 },
    { url = "https://files.pythonhosted.org/packages/75/18/98142500f21d6838bcab49ec919414a1f0c6d049d21ddadf139124db6a70/kiwisolver-1.4.5-cp312-cp312-musllinux_1_1_aarch64.whl", hash = "sha256:d099e745a512f7e3bbe7249ca835f4d357c586d78d79ae8f1dcd4d8adeb9bda9", size = 1885159 },
    { url = "https://files.pythonhosted.org/packages/21/49/a241eff9e0ee013368c1d17957f9d345b0957493c3a43d82ebb558c90b0a/kiwisolver-1.4.5-cp312-cp312-musllinux_1_1_i686.whl", hash = "sha256:74db36e14a7d1ce0986fa104f7d5637aea5c82ca6326ed0ec5694280942d1162", size = 1981694 },
    { url = "https://files.pythonhosted.org/packages/90/90/9490c3de4788123041b1d600d64434f1eed809a2ce9f688075a22166b289/kiwisolver-1.4.5-cp312-cp312-musllinux_1_1_ppc64le.whl", hash = "sha256:7e5bab140c309cb3a6ce373a9e71eb7e4873c70c2dda01df6820474f9889d6d4", size = 1941579 },
    { url = "https://files.pythonhosted.org/packages/b7/bb/a0cc488ef2aa92d7d304318c8549d3ec8dfe6dd3c2c67a44e3922b77bc4f/kiwisolver-1.4.5-cp312-cp312-musllinux_1_1_s390x.whl", hash = "sha256:0f114aa76dc1b8f636d077979c0ac22e7cd8f3493abbab152f20eb8d3cda71f3", size = 1888168 },
    { url = "https://files.pythonhosted.org/packages/4f/e9/9c0de8e45fef3d63f85eed3b1757f9aa511065942866331ef8b99421f433/kiwisolver-1.4.5-cp312-cp312-musllinux_1_1_x86_64.whl", hash = "sha256:88a2df29d4724b9237fc0c6eaf2a1adae0cdc0b3e9f4d8e7dc54b16812d2d81a", size = 1908464 },
    { url = "https://files.pythonhosted.org/packages/a3/60/4f0fd50b08f5be536ea0cef518ac7255d9dab43ca40f3b93b60e3ddf80dd/kiwisolver-1.4.5-cp312-cp312-win32.whl", hash = "sha256:72d40b33e834371fd330fb1472ca19d9b8327acb79a5821d4008391db8e29f20", size = 46473 },
    { url = "https://files.pythonhosted.org/packages/63/50/2746566bdf4a6a842d117367d05c90cfb87ac04e9e2845aa1fa21f071362/kiwisolver-1.4.5-cp312-cp312-win_amd64.whl", hash = "sha256:2c5674c4e74d939b9d91dda0fae10597ac7521768fec9e399c70a1f27e2ea2d9", size = 56004 },
]

[[package]]
name = "matplotlib"
version = "3.5.3"
source = { registry = "https://pypi.org/simple" }
dependencies = [
    { name = "cycler" },
    { name = "fonttools" },
    { name = "kiwisolver" },
    { name = "numpy" },
    { name = "packaging" },
    { name = "pillow" },
    { name = "pyparsing" },
    { name = "python-dateutil" },
]
sdist = { url = "https://files.pythonhosted.org/packages/02/81/e8276ec6ca005b3b2bfaaad0ea47dbb3a0e389ec8ab87d08e3ccbe4b2742/matplotlib-3.5.3.tar.gz", hash = "sha256:339cac48b80ddbc8bfd05daae0a3a73414651a8596904c2a881cfd1edb65f26c", size = 35236343 }
wheels = [
    { url = "https://files.pythonhosted.org/packages/60/f6/81c99d3413c18b4810256ac5bca0401c0804e69ea98b448e2c644b745bbb/matplotlib-3.5.3-cp310-cp310-macosx_10_9_universal2.whl", hash = "sha256:a206a1b762b39398efea838f528b3a6d60cdb26fe9d58b48265787e29cd1d693", size = 8084049 },
    { url = "https://files.pythonhosted.org/packages/2d/4a/3262e792d1db92939f820c8fae5ac298b201769e12bb11c89de33ac7bae2/matplotlib-3.5.3-cp310-cp310-macosx_10_9_x86_64.whl", hash = "sha256:cd45a6f3e93a780185f70f05cf2a383daed13c3489233faad83e81720f7ede24", size = 7267192 },
    { url = "https://files.pythonhosted.org/packages/61/1a/584f2e77e2f88239d66314dab14839a199424319df242c783b84ae23ae41/matplotlib-3.5.3-cp310-cp310-macosx_11_0_arm64.whl", hash = "sha256:d62880e1f60e5a30a2a8484432bcb3a5056969dc97258d7326ad465feb7ae069", size = 7164043 },
    { url = "https://files.pythonhosted.org/packages/7b/10/70a26ba757ebab35cc8016502ec14c4e51b939a1c62aff5c9b9731417ad1/matplotlib-3.5.3-cp310-cp310-manylinux_2_17_aarch64.manylinux2014_aarch64.whl", hash = "sha256:9ab29589cef03bc88acfa3a1490359000c18186fc30374d8aa77d33cc4a51a4a", size = 11655924 },
    { url = "https://files.pythonhosted.org/packages/c9/99/81f70f1c7a5f61997faacd7756faac6f41d1bda514cb0e29bd4b0d817ff1/matplotlib-3.5.3-cp310-cp310-manylinux_2_17_i686.manylinux2014_i686.whl", hash = "sha256:2886cc009f40e2984c083687251821f305d811d38e3df8ded414265e4583f0c5", size = 11756382 },
    { url = "https://files.pythonhosted.org/packages/e5/ca/3ed0e1de9df496392a4c9d75b0c78f82fe5758c66bb875903cf7a9402f0b/matplotlib-3.5.3-cp310-cp310-manylinux_2_17_x86_64.manylinux2014_x86_64.whl", hash = "sha256:c995f7d9568f18b5db131ab124c64e51b6820a92d10246d4f2b3f3a66698a15b", size = 11872330 },
    { url = "https://files.pythonhosted.org/packages/fd/7e/ecd6784f82baa01ef7859f8093be02b0913bda487b5bdc4da23c14041f9c/matplotlib-3.5.3-cp310-cp310-win32.whl", hash = "sha256:6bb93a0492d68461bd458eba878f52fdc8ac7bdb6c4acdfe43dba684787838c2", size = 7070877 },
    { url = "https://files.pythonhosted.org/packages/90/81/b73cb7d615a70a01bd349b8e85a7648c51f3a6346695354c1ce569db6d8f/matplotlib-3.5.3-cp310-cp310-win_amd64.whl", hash = "sha256:2e6d184ebe291b9e8f7e78bbab7987d269c38ea3e062eace1fe7d898042ef804", size = 7199098 },
]

[[package]]
name = "numpy"
version = "1.21.6"
source = { registry = "https://pypi.org/simple" }
sdist = { url = "https://files.pythonhosted.org/packages/45/b7/de7b8e67f2232c26af57c205aaad29fe17754f793404f59c8a730c7a191a/numpy-1.21.6.zip", hash = "sha256:ecb55251139706669fdec2ff073c98ef8e9a84473e51e716211b41aa0f18e656", size = 10274544 }
wheels = [
    { url = "https://files.pythonhosted.org/packages/ff/c6/05ae3c7f75b596e1bb3d78131c331eada9376a03d1af9801bd40e4675023/numpy-1.21.6-cp310-cp310-macosx_10_9_universal2.whl", hash = "sha256:8737609c3bbdd48e380d463134a35ffad3b22dc56295eff6f79fd85bd0eeeb25", size = 27203123 },
    { url = "https://files.pythonhosted.org/packages/4a/72/a3379f83172f1431d7949138373e3a24beed68184c9362dab1b4d465be26/numpy-1.21.6-cp310-cp310-macosx_10_9_x86_64.whl", hash = "sha256:fdffbfb6832cd0b300995a2b08b8f6fa9f6e856d562800fea9182316d99c4e8e", size = 16965603 },
    { url = "https://files.pythonhosted.org/packages/26/e7/4a6f579af8186372b03e8480e47df309520d91cfead8759b64dd5ac62688/numpy-1.21.6-cp310-cp310-macosx_11_0_arm64.whl", hash = "sha256:3820724272f9913b597ccd13a467cc492a0da6b05df26ea09e78b171a0bb9da6", size = 12364595 },
    { url = "https://files.pythonhosted.org/packages/57/ba/d8cbdfd507b541bb247beff24d9d7304ac8ffc379cf585701187d45d4512/numpy-1.21.6-cp310-cp310-manylinux_2_17_aarch64.manylinux2014_aarch64.whl", hash = "sha256:f17e562de9edf691a42ddb1eb4a5541c20dd3f9e65b09ded2beb0799c0cf29bb", size = 13019278 },
    { url = "https://files.pythonhosted.org/packages/6f/7b/036000a55680e6c7eb81502b0aa27ce0ed65d4d8805613909967d9f8baf6/numpy-1.21.6-cp310-cp310-manylinux_2_17_x86_64.manylinux2014_x86_64.whl", hash = "sha256:5f30427731561ce75d7048ac254dbe47a2ba576229250fb60f0fb74db96501a1", size = 15906004 },
    { url = "https://files.pythonhosted.org/packages/b0/77/ff8bbe56ff6cbbdbdb8a641c67cee61e29b2e8bfbb18732c2e1d2961fe4d/numpy-1.21.6-cp310-cp310-win32.whl", hash = "sha256:d4bf4d43077db55589ffc9009c0ba0a94fa4908b9586d6ccce2e0b164c86303c", size = 11706182 },
    { url = "https://files.pythonhosted.org/packages/ec/03/93702ca9c4bd61791e46c80ff1f24943febb2317484cf7e8207688bbbd95/numpy-1.21.6-cp310-cp310-win_amd64.whl", hash = "sha256:d136337ae3cc69aa5e447e78d8e1514be8c3ec9b54264e680cf0b4bd9011574f", size = 14008913 },
]

[[package]]
name = "packaging"
version = "24.0"
source = { registry = "https://pypi.org/simple" }
sdist = { url = "https://files.pythonhosted.org/packages/ee/b5/b43a27ac7472e1818c4bafd44430e69605baefe1f34440593e0332ec8b4d/packaging-24.0.tar.gz", hash = "sha256:eb82c5e3e56209074766e6885bb04b8c38a0c015d0a30036ebe7ece34c9989e9", size = 147882 }
wheels = [
    { url = "https://files.pythonhosted.org/packages/49/df/1fceb2f8900f8639e278b056416d49134fb8d84c5942ffaa01ad34782422/packaging-24.0-py3-none-any.whl", hash = "sha256:2ddfb553fdf02fb784c234c7ba6ccc288296ceabec964ad2eae3777778130bc5", size = 53488 },
]

[[package]]
name = "pandas"
version = "1.5.1"
source = { registry = "https://pypi.org/simple" }
dependencies = [
    { name = "numpy" },
    { name = "python-dateutil" },
    { name = "pytz" },
]
sdist = { url = "https://files.pythonhosted.org/packages/d7/4e/bc3163c2f0b2f0728c398cad15e082efaa27e40fa579a0523e98caf10fdf/pandas-1.5.1.tar.gz", hash = "sha256:249cec5f2a5b22096440bd85c33106b6102e0672204abd2d5c014106459804ee", size = 5199286 }
wheels = [
    { url = "https://files.pythonhosted.org/packages/8f/f1/0fea6a6ad6e88f603443a0e9f225f0feafeba4ec899f09846ea7ad5c06e7/pandas-1.5.1-cp310-cp310-macosx_10_9_universal2.whl", hash = "sha256:0a78e05ec09731c5b3bd7a9805927ea631fe6f6cb06f0e7c63191a9a778d52b4", size = 18519267 },
    { url = "https://files.pythonhosted.org/packages/97/04/e2f55bb7fea442e27a002df165d05e0fcd4c282a3ca0da9f717f021515e8/pandas-1.5.1-cp310-cp310-macosx_10_9_x86_64.whl", hash = "sha256:5b0c970e2215572197b42f1cff58a908d734503ea54b326412c70d4692256391", size = 11965694 },
    { url = "https://files.pythonhosted.org/packages/68/49/7244ad35598bd612a4b68a86030d9ed210ff9a9f9def2e67282cce128512/pandas-1.5.1-cp310-cp310-macosx_11_0_arm64.whl", hash = "sha256:f340331a3f411910adfb4bbe46c2ed5872d9e473a783d7f14ecf49bc0869c594", size = 10832761 },
    { url = "https://files.pythonhosted.org/packages/88/ca/d8f52ce9faa3c48f7c5dd2fd7bfb036263d77eb61b1c616679faa25e5f88/pandas-1.5.1-cp310-cp310-manylinux_2_17_aarch64.manylinux2014_aarch64.whl", hash = "sha256:d8c709f4700573deb2036d240d140934df7e852520f4a584b2a8d5443b71f54d", size = 11361545 },
    { url = "https://files.pythonhosted.org/packages/e9/aa/1ba5c0835aa83af896cdb61df439335f39ca59392aff5fd1a06a152a7aae/pandas-1.5.1-cp310-cp310-manylinux_2_17_x86_64.manylinux2014_x86_64.whl", hash = "sha256:32e3d9f65606b3f6e76555bfd1d0b68d94aff0929d82010b791b6254bf5a4b96", size = 12054467 },
    { url = "https://files.pythonhosted.org/packages/50/15/ce88c13d182c34e73a9bee8665340bff200b175af39fa160d30e6d37f7aa/pandas-1.5.1-cp310-cp310-win_amd64.whl", hash = "sha256:a52419d9ba5906db516109660b114faf791136c94c1a636ed6b29cbfff9187ee", size = 10354037 },
    { url = "https://files.pythonhosted.org/packages/a9/33/f5d9c0eea8dc9c1d3c49524704d95c81ebcc6f5919698ce6875a3f0c4bdd/pandas-1.5.1-cp311-cp311-macosx_10_9_universal2.whl", hash = "sha256:66a1ad667b56e679e06ba73bb88c7309b3f48a4c279bd3afea29f65a766e9036", size = 18260101 },
    { url = "https://files.pythonhosted.org/packages/a4/d9/f7a26d190a2062f2316ff046dcc64649a027b1959f02de5a8963fc7f7519/pandas-1.5.1-cp311-cp311-macosx_10_9_x86_64.whl", hash = "sha256:36aa1f8f680d7584e9b572c3203b20d22d697c31b71189322f16811d4ecfecd3", size = 11846057 },
    { url = "https://files.pythonhosted.org/packages/5c/49/dd246e74156757fe3c26e4b97a4a19fe219cab9092d71366f2456f4841f9/pandas-1.5.1-cp311-cp311-macosx_11_0_arm64.whl", hash = "sha256:bcf1a82b770b8f8c1e495b19a20d8296f875a796c4fe6e91da5ef107f18c5ecb", size = 10701254 },
    { url = "https://files.pythonhosted.org/packages/65/8f/78fff6273dbcbb4c30f51125bc72b254b222e73bb68cc0038fc614d8e1b5/pandas-1.5.1-cp311-cp311-manylinux_2_17_aarch64.manylinux2014_aarch64.whl", hash = "sha256:2c25e5c16ee5c0feb6cf9d982b869eec94a22ddfda9aa2fbed00842cbb697624", size = 11366246 },
    { url = "https://files.pythonhosted.org/packages/1e/a6/14bd623f06a05b551cdb51cc2ec8cbe3af8a6928fe0b8b5ffc6b4c5423fa/pandas-1.5.1-cp311-cp311-manylinux_2_17_x86_64.manylinux2014_x86_64.whl", hash = "sha256:932d2d7d3cab44cfa275601c982f30c2d874722ef6396bb539e41e4dc4618ed4", size = 12009827 },
    { url = "https://files.pythonhosted.org/packages/86/bb/c3353704906030210d7d5bec81577715ba3a320ef0ece44cac3b29324b16/pandas-1.5.1-cp311-cp311-win_amd64.whl", hash = "sha256:eb7e8cf2cf11a2580088009b43de84cabbf6f5dae94ceb489f28dba01a17cb77", size = 10294864 },
]

[[package]]
name = "pillow"
version = "9.5.0"
source = { registry = "https://pypi.org/simple" }
sdist = { url = "https://files.pythonhosted.org/packages/00/d5/4903f310765e0ff2b8e91ffe55031ac6af77d982f0156061e20a4d1a8b2d/Pillow-9.5.0.tar.gz", hash = "sha256:bf548479d336726d7a0eceb6e767e179fbde37833ae42794602631a070d630f1", size = 50488147 }
wheels = [
    { url = "https://files.pythonhosted.org/packages/1b/bc/cff591742feea45f88a3b8a83f7cab4a1dcdb4bcdfc51a06d92f96c81165/Pillow-9.5.0-cp310-cp310-macosx_10_10_x86_64.whl", hash = "sha256:ace6ca218308447b9077c14ea4ef381ba0b67ee78d64046b3f19cf4e1139ad16", size = 3395758 },
    { url = "https://files.pythonhosted.org/packages/38/06/de304914ecd2c911939a28579546bd4d9b6ae0b3c07ce5fe9bd7d100eb34/Pillow-9.5.0-cp310-cp310-macosx_11_0_arm64.whl", hash = "sha256:d3d403753c9d5adc04d4694d35cf0391f0f3d57c8e0030aac09d7678fa8030aa", size = 3077111 },
    { url = "https://files.pythonhosted.org/packages/9a/57/7864b6a22acb5f1d4b70af8c92cbd5e3af25f4d5869c24cd8074ca1f3593/Pillow-9.5.0-cp310-cp310-manylinux_2_17_aarch64.manylinux2014_aarch64.whl", hash = "sha256:5ba1b81ee69573fe7124881762bb4cd2e4b6ed9dd28c9c60a632902fe8db8b38", size = 3112529 },
    { url = "https://files.pythonhosted.org/packages/62/88/46a35f690ee4f8b08aef5fdb47f63d29c34f6874834155e52bf4456d9566/Pillow-9.5.0-cp310-cp310-manylinux_2_17_i686.manylinux2014_i686.whl", hash = "sha256:fe7e1c262d3392afcf5071df9afa574544f28eac825284596ac6db56e6d11062", size = 3386670 },
    { url = "https://files.pythonhosted.org/packages/59/1d/26a56ed1deae695a8c7d13fb514284ba8b9fd62bab9ebe6d6b474523b8b0/Pillow-9.5.0-cp310-cp310-manylinux_2_17_x86_64.manylinux2014_x86_64.whl", hash = "sha256:8f36397bf3f7d7c6a3abdea815ecf6fd14e7fcd4418ab24bae01008d8d8ca15e", size = 3308572 },
    { url = "https://files.pythonhosted.org/packages/d4/36/d22b0fac821a14572fdb9a8015b2bf19ee81eaa560ea25a6772760c86a30/Pillow-9.5.0-cp310-cp310-manylinux_2_28_aarch64.whl", hash = "sha256:252a03f1bdddce077eff2354c3861bf437c892fb1832f75ce813ee94347aa9b5", size = 3163999 },
    { url = "https://files.pythonhosted.org/packages/25/6b/d3c35d207c9c0b6c2f855420f62e64ef43d348e8c797ad1c32b9f2106a19/Pillow-9.5.0-cp310-cp310-manylinux_2_28_x86_64.whl", hash = "sha256:85ec677246533e27770b0de5cf0f9d6e4ec0c212a1f89dfc941b64b21226009d", size = 3415623 },
    { url = "https://files.pythonhosted.org/packages/7a/6a/a7df39c502caeadd942d8bf97bc2fdfc819fbdc7499a2ab05e7db43611ac/Pillow-9.5.0-cp310-cp310-musllinux_1_1_aarch64.whl", hash = "sha256:b416f03d37d27290cb93597335a2f85ed446731200705b22bb927405320de903", size = 3350658 },
    { url = "https://files.pythonhosted.org/packages/2e/ad/d29c8c48498da680521665b8483beb78a9343269bbd0730970e9396b01f0/Pillow-9.5.0-cp310-cp310-musllinux_1_1_x86_64.whl", hash = "sha256:1781a624c229cb35a2ac31cc4a77e28cafc8900733a864870c49bfeedacd106a", size = 3414574 },
    { url = "https://files.pythonhosted.org/packages/93/54/9d7f01fd3fe4069c88827728646e3c8f1aff0995e8422d841b38f034f39a/Pillow-9.5.0-cp310-cp310-win32.whl", hash = "sha256:8507eda3cd0608a1f94f58c64817e83ec12fa93a9436938b191b80d9e4c0fc44", size = 2211916 },
    { url = "https://files.pythonhosted.org/packages/3e/14/0030e542f2acfea43635e55584c114e6cfd94d342393a5f71f74c172dc35/Pillow-9.5.0-cp310-cp310-win_amd64.whl", hash = "sha256:d3c6b54e304c60c4181da1c9dadf83e4a54fd266a99c70ba646a9baa626819eb", size = 2511474 },
    { url = "https://files.pythonhosted.org/packages/78/a8/3c2d737d856eb9cd8c18e78f6fe0ed08a2805bded74cbb0455584859023b/Pillow-9.5.0-cp311-cp311-macosx_10_10_x86_64.whl", hash = "sha256:7ec6f6ce99dab90b52da21cf0dc519e21095e332ff3b399a357c187b1a5eee32", size = 3395792 },
    { url = "https://files.pythonhosted.org/packages/a9/15/310cde63cb15a091de889ded26281924cf9cfa5c000b36b06bd0c7f50261/Pillow-9.5.0-cp311-cp311-macosx_11_0_arm64.whl", hash = "sha256:560737e70cb9c6255d6dcba3de6578a9e2ec4b573659943a5e7e4af13f298f5c", size = 3077092 },
    { url = "https://files.pythonhosted.org/packages/17/66/20db69c0361902a2f6ee2086d3e83c70133e3fb4cb31470e59a8ed37184e/Pillow-9.5.0-cp311-cp311-manylinux_2_17_aarch64.manylinux2014_aarch64.whl", hash = "sha256:96e88745a55b88a7c64fa49bceff363a1a27d9a64e04019c2281049444a571e3", size = 3112543 },
    { url = "https://files.pythonhosted.org/packages/5c/a8/ff526cdec6b56eb20c992e7083f02c8065049ed1e62fbc159390d7a3dd5e/Pillow-9.5.0-cp311-cp311-manylinux_2_17_i686.manylinux2014_i686.whl", hash = "sha256:d9c206c29b46cfd343ea7cdfe1232443072bbb270d6a46f59c259460db76779a", size = 3386654 },
    { url = "https://files.pythonhosted.org/packages/3b/70/e9a45a2e9c58c23e023fcda5af9686f5b42c718cc9bc86194e0025cf0ec5/Pillow-9.5.0-cp311-cp311-manylinux_2_17_x86_64.manylinux2014_x86_64.whl", hash = "sha256:cfcc2c53c06f2ccb8976fb5c71d448bdd0a07d26d8e07e321c103416444c7ad1", size = 3308566 },
    { url = "https://files.pythonhosted.org/packages/61/a5/ee306d6cc53c9a30c23ba2313b43b67fdf76c611ca5afd0cdd62922cbd3e/Pillow-9.5.0-cp311-cp311-manylinux_2_28_aarch64.whl", hash = "sha256:a0f9bb6c80e6efcde93ffc51256d5cfb2155ff8f78292f074f60f9e70b942d99", size = 3164027 },
    { url = "https://files.pythonhosted.org/packages/3d/59/e6bd2c3715ace343d9739276ceed79657fe116923238d102cf731ab463dd/Pillow-9.5.0-cp311-cp311-manylinux_2_28_x86_64.whl", hash = "sha256:8d935f924bbab8f0a9a28404422da8af4904e36d5c33fc6f677e4c4485515625", size = 3415610 },
    { url = "https://files.pythonhosted.org/packages/9a/6d/9beb596ba5a5e61081c843187bcdbb42a5c9a9ef552751b554894247da7a/Pillow-9.5.0-cp311-cp311-musllinux_1_1_aarch64.whl", hash = "sha256:fed1e1cf6a42577953abbe8e6cf2fe2f566daebde7c34724ec8803c4c0cda579", size = 3350704 },
    { url = "https://files.pythonhosted.org/packages/1e/e4/de633d85be3b3c770c554a37a89e8273069bd19c34b15a419c2795600310/Pillow-9.5.0-cp311-cp311-musllinux_1_1_x86_64.whl", hash = "sha256:c1170d6b195555644f0616fd6ed929dfcf6333b8675fcca044ae5ab110ded296", size = 3414604 },
    { url = "https://files.pythonhosted.org/packages/46/a0/e410f655300932308e70e883dd60c0c51e6f74bed138641ea9193e64fd7c/Pillow-9.5.0-cp311-cp311-win32.whl", hash = "sha256:54f7102ad31a3de5666827526e248c3530b3a33539dbda27c6843d19d72644ec", size = 2211929 },
    { url = "https://files.pythonhosted.org/packages/0c/02/7729c8aecbc525b560c7eb283ffa34c6f5a6d0ed6d1339570c65a3e63088/Pillow-9.5.0-cp311-cp311-win_amd64.whl", hash = "sha256:cfa4561277f677ecf651e2b22dc43e8f5368b74a25a8f7d1d4a3a243e573f2d4", size = 2511551 },
    { url = "https://files.pythonhosted.org/packages/b9/8b/d38cc68796be4ac238db327682a1acfbc5deccf64a150aa44ee1efbaafae/Pillow-9.5.0-cp311-cp311-win_arm64.whl", hash = "sha256:965e4a05ef364e7b973dd17fc765f42233415974d773e82144c9bbaaaea5d089", size = 2489206 },
    { url = "https://files.pythonhosted.org/packages/5d/38/b7bcbab3bfe1946ba9cf71c1fa03e541b498069457be49eadcdc229412ef/Pillow-9.5.0-cp312-cp312-win32.whl", hash = "sha256:22baf0c3cf0c7f26e82d6e1adf118027afb325e703922c8dfc1d5d0156bb2eeb", size = 2211914 },
    { url = "https://files.pythonhosted.org/packages/29/8a/f4cf3f32bc554f9260b645ea1151449ac13525796d3d1a42076d75945d8d/Pillow-9.5.0-cp312-cp312-win_amd64.whl", hash = "sha256:432b975c009cf649420615388561c0ce7cc31ce9b2e374db659ee4f7d57a1f8b", size = 2511483 },
]

[[package]]
name = "pygamry"
version = "0.2.0"
source = { virtual = "." }
dependencies = [
    { name = "comtypes" },
    { name = "matplotlib" },
    { name = "numpy" },
    { name = "pandas" },
    { name = "ruff" },
    { name = "scipy" },
]

[package.metadata]
requires-dist = [
    { name = "comtypes", specifier = ">=1.4.6" },
    { name = "matplotlib", specifier = ">=3.5.3" },
    { name = "numpy", specifier = ">=1.21.6" },
    { name = "pandas", specifier = ">=1.5.1" },
    { name = "ruff", specifier = ">=0.11.5" },
    { name = "scipy", specifier = ">=1.7.3" },
]

[[package]]
name = "pyparsing"
version = "3.1.4"
source = { registry = "https://pypi.org/simple" }
sdist = { url = "https://files.pythonhosted.org/packages/83/08/13f3bce01b2061f2bbd582c9df82723de943784cf719a35ac886c652043a/pyparsing-3.1.4.tar.gz", hash = "sha256:f86ec8d1a83f11977c9a6ea7598e8c27fc5cddfa5b07ea2241edbbde1d7bc032", size = 900231 }
wheels = [
    { url = "https://files.pythonhosted.org/packages/e5/0c/0e3c05b1c87bb6a1c76d281b0f35e78d2d80ac91b5f8f524cebf77f51049/pyparsing-3.1.4-py3-none-any.whl", hash = "sha256:a6a7ee4235a3f944aa1fa2249307708f893fe5717dc603503c6c7969c070fb7c", size = 104100 },
]

[[package]]
name = "python-dateutil"
version = "2.9.0.post0"
source = { registry = "https://pypi.org/simple" }
dependencies = [
    { name = "six" },
]
sdist = { url = "https://files.pythonhosted.org/packages/66/c0/0c8b6ad9f17a802ee498c46e004a0eb49bc148f2fd230864601a86dcf6db/python-dateutil-2.9.0.post0.tar.gz", hash = "sha256:37dd54208da7e1cd875388217d5e00ebd4179249f90fb72437e91a35459a0ad3", size = 342432 }
wheels = [
    { url = "https://files.pythonhosted.org/packages/ec/57/56b9bcc3c9c6a792fcbaf139543cee77261f3651ca9da0c93f5c1221264b/python_dateutil-2.9.0.post0-py2.py3-none-any.whl", hash = "sha256:a8b2bc7bffae282281c8140a97d3aa9c14da0b136dfe83f850eea9a5f7470427", size = 229892 },
]

[[package]]
name = "pytz"
version = "2025.2"
source = { registry = "https://pypi.org/simple" }
sdist = { url = "https://files.pythonhosted.org/packages/f8/bf/abbd3cdfb8fbc7fb3d4d38d320f2441b1e7cbe29be4f23797b4a2b5d8aac/pytz-2025.2.tar.gz", hash = "sha256:360b9e3dbb49a209c21ad61809c7fb453643e048b38924c765813546746e81c3", size = 320884 }
wheels = [
    { url = "https://files.pythonhosted.org/packages/81/c4/34e93fe5f5429d7570ec1fa436f1986fb1f00c3e0f43a589fe2bbcd22c3f/pytz-2025.2-py2.py3-none-any.whl", hash = "sha256:5ddf76296dd8c44c26eb8f4b6f35488f3ccbf6fbbd7adee0b7262d43f0ec2f00", size = 509225 },
]

[[package]]
name = "ruff"
version = "0.11.5"
source = { registry = "https://pypi.org/simple" }
sdist = { url = "https://files.pythonhosted.org/packages/45/71/5759b2a6b2279bb77fe15b1435b89473631c2cd6374d45ccdb6b785810be/ruff-0.11.5.tar.gz", hash = "sha256:cae2e2439cb88853e421901ec040a758960b576126dab520fa08e9de431d1bef", size = 3976488 }
wheels = [
    { url = "https://files.pythonhosted.org/packages/23/db/6efda6381778eec7f35875b5cbefd194904832a1153d68d36d6b269d81a8/ruff-0.11.5-py3-none-linux_armv6l.whl", hash = "sha256:2561294e108eb648e50f210671cc56aee590fb6167b594144401532138c66c7b", size = 10103150 },
    { url = "https://files.pythonhosted.org/packages/44/f2/06cd9006077a8db61956768bc200a8e52515bf33a8f9b671ee527bb10d77/ruff-0.11.5-py3-none-macosx_10_12_x86_64.whl", hash = "sha256:ac12884b9e005c12d0bd121f56ccf8033e1614f736f766c118ad60780882a077", size = 10898637 },
    { url = "https://files.pythonhosted.org/packages/18/f5/af390a013c56022fe6f72b95c86eb7b2585c89cc25d63882d3bfe411ecf1/ruff-0.11.5-py3-none-macosx_11_0_arm64.whl", hash = "sha256:4bfd80a6ec559a5eeb96c33f832418bf0fb96752de0539905cf7b0cc1d31d779", size = 10236012 },
    { url = "https://files.pythonhosted.org/packages/b8/ca/b9bf954cfed165e1a0c24b86305d5c8ea75def256707f2448439ac5e0d8b/ruff-0.11.5-py3-none-manylinux_2_17_aarch64.manylinux2014_aarch64.whl", hash = "sha256:0947c0a1afa75dcb5db4b34b070ec2bccee869d40e6cc8ab25aca11a7d527794", size = 10415338 },
    { url = "https://files.pythonhosted.org/packages/d9/4d/2522dde4e790f1b59885283f8786ab0046958dfd39959c81acc75d347467/ruff-0.11.5-py3-none-manylinux_2_17_armv7l.manylinux2014_armv7l.whl", hash = "sha256:ad871ff74b5ec9caa66cb725b85d4ef89b53f8170f47c3406e32ef040400b038", size = 9965277 },
    { url = "https://files.pythonhosted.org/packages/e5/7a/749f56f150eef71ce2f626a2f6988446c620af2f9ba2a7804295ca450397/ruff-0.11.5-py3-none-manylinux_2_17_i686.manylinux2014_i686.whl", hash = "sha256:e6cf918390cfe46d240732d4d72fa6e18e528ca1f60e318a10835cf2fa3dc19f", size = 11541614 },
    { url = "https://files.pythonhosted.org/packages/89/b2/7d9b8435222485b6aac627d9c29793ba89be40b5de11584ca604b829e960/ruff-0.11.5-py3-none-manylinux_2_17_ppc64.manylinux2014_ppc64.whl", hash = "sha256:56145ee1478582f61c08f21076dc59153310d606ad663acc00ea3ab5b2125f82", size = 12198873 },
    { url = "https://files.pythonhosted.org/packages/00/e0/a1a69ef5ffb5c5f9c31554b27e030a9c468fc6f57055886d27d316dfbabd/ruff-0.11.5-py3-none-manylinux_2_17_ppc64le.manylinux2014_ppc64le.whl", hash = "sha256:e5f66f8f1e8c9fc594cbd66fbc5f246a8d91f916cb9667e80208663ec3728304", size = 11670190 },
    { url = "https://files.pythonhosted.org/packages/05/61/c1c16df6e92975072c07f8b20dad35cd858e8462b8865bc856fe5d6ccb63/ruff-0.11.5-py3-none-manylinux_2_17_s390x.manylinux2014_s390x.whl", hash = "sha256:80b4df4d335a80315ab9afc81ed1cff62be112bd165e162b5eed8ac55bfc8470", size = 13902301 },
    { url = "https://files.pythonhosted.org/packages/79/89/0af10c8af4363304fd8cb833bd407a2850c760b71edf742c18d5a87bb3ad/ruff-0.11.5-py3-none-manylinux_2_17_x86_64.manylinux2014_x86_64.whl", hash = "sha256:3068befab73620b8a0cc2431bd46b3cd619bc17d6f7695a3e1bb166b652c382a", size = 11350132 },
    { url = "https://files.pythonhosted.org/packages/b9/e1/ecb4c687cbf15164dd00e38cf62cbab238cad05dd8b6b0fc68b0c2785e15/ruff-0.11.5-py3-none-musllinux_1_2_aarch64.whl", hash = "sha256:f5da2e710a9641828e09aa98b92c9ebbc60518fdf3921241326ca3e8f8e55b8b", size = 10312937 },
    { url = "https://files.pythonhosted.org/packages/cf/4f/0e53fe5e500b65934500949361e3cd290c5ba60f0324ed59d15f46479c06/ruff-0.11.5-py3-none-musllinux_1_2_armv7l.whl", hash = "sha256:ef39f19cb8ec98cbc762344921e216f3857a06c47412030374fffd413fb8fd3a", size = 9936683 },
    { url = "https://files.pythonhosted.org/packages/04/a8/8183c4da6d35794ae7f76f96261ef5960853cd3f899c2671961f97a27d8e/ruff-0.11.5-py3-none-musllinux_1_2_i686.whl", hash = "sha256:b2a7cedf47244f431fd11aa5a7e2806dda2e0c365873bda7834e8f7d785ae159", size = 10950217 },
    { url = "https://files.pythonhosted.org/packages/26/88/9b85a5a8af21e46a0639b107fcf9bfc31da4f1d263f2fc7fbe7199b47f0a/ruff-0.11.5-py3-none-musllinux_1_2_x86_64.whl", hash = "sha256:81be52e7519f3d1a0beadcf8e974715b2dfc808ae8ec729ecfc79bddf8dbb783", size = 11404521 },
    { url = "https://files.pythonhosted.org/packages/fc/52/047f35d3b20fd1ae9ccfe28791ef0f3ca0ef0b3e6c1a58badd97d450131b/ruff-0.11.5-py3-none-win32.whl", hash = "sha256:e268da7b40f56e3eca571508a7e567e794f9bfcc0f412c4b607931d3af9c4afe", size = 10320697 },
    { url = "https://files.pythonhosted.org/packages/b9/fe/00c78010e3332a6e92762424cf4c1919065707e962232797d0b57fd8267e/ruff-0.11.5-py3-none-win_amd64.whl", hash = "sha256:6c6dc38af3cfe2863213ea25b6dc616d679205732dc0fb673356c2d69608f800", size = 11378665 },
    { url = "https://files.pythonhosted.org/packages/43/7c/c83fe5cbb70ff017612ff36654edfebec4b1ef79b558b8e5fd933bab836b/ruff-0.11.5-py3-none-win_arm64.whl", hash = "sha256:67e241b4314f4eacf14a601d586026a962f4002a475aa702c69980a38087aa4e", size = 10460287 },
]

[[package]]
name = "scipy"
version = "1.7.3"
source = { registry = "https://pypi.org/simple" }
dependencies = [
    { name = "numpy" },
]
sdist = { url = "https://files.pythonhosted.org/packages/61/67/1a654b96309c991762ee9bc39c363fc618076b155fe52d295211cf2536c7/scipy-1.7.3.tar.gz", hash = "sha256:ab5875facfdef77e0a47d5fd39ea178b58e60e454a4c85aa1e52fcb80db7babf", size = 36102562 }
wheels = [
    { url = "https://files.pythonhosted.org/packages/4e/88/77ebba491d83a55f0a7d7817cc587c57110e96bc6e55b840e2838293effe/scipy-1.7.3-1-cp310-cp310-macosx_12_0_arm64.whl", hash = "sha256:c9e04d7e9b03a8a6ac2045f7c5ef741be86727d8f49c45db45f244bdd2bcff17", size = 27028448 },
    { url = "https://files.pythonhosted.org/packages/7d/4d/2be384b99480973f8b36a0b5a836a133fca1186acc26eb4c669d948537c3/scipy-1.7.3-cp310-cp310-macosx_10_9_x86_64.whl", hash = "sha256:173308efba2270dcd61cd45a30dfded6ec0085b4b6eb33b5eb11ab443005e088", size = 33228774 },
    { url = "https://files.pythonhosted.org/packages/0b/8a/a4ec80ca1225c502c85ffb3d96270878f2af7de3589d9b6ddbe5c18fdc53/scipy-1.7.3-cp310-cp310-macosx_12_0_arm64.whl", hash = "sha256:21b66200cf44b1c3e86495e3a436fc7a26608f92b8d43d344457c54f1c024cbc", size = 27027301 },
    { url = "https://files.pythonhosted.org/packages/74/59/85b118ea77a1337fd4fad3f4df194c5a6b2e46aa4bcfa8c62a2bf1c8bd43/scipy-1.7.3-cp310-cp310-manylinux_2_17_aarch64.manylinux2014_aarch64.whl", hash = "sha256:ceebc3c4f6a109777c0053dfa0282fddb8893eddfb0d598574acfb734a926168", size = 36766069 },
    { url = "https://files.pythonhosted.org/packages/0e/bd/50badd52af542bc9cbad515f55881578a7316dd53914e5993dcf0c70a937/scipy-1.7.3-cp310-cp310-manylinux_2_17_x86_64.manylinux2014_x86_64.whl", hash = "sha256:f7eaea089345a35130bc9a39b89ec1ff69c208efa97b3f8b25ea5d4c41d88094", size = 39925907 },
    { url = "https://files.pythonhosted.org/packages/52/8a/d53c6a64dd88ef80911a150478367567a9b1254d1926664524867c4d64e2/scipy-1.7.3-cp310-cp310-win_amd64.whl", hash = "sha256:304dfaa7146cffdb75fbf6bb7c190fd7688795389ad060b970269c8576d038e9", size = 34298210 },
]

[[package]]
name = "six"
version = "1.17.0"
source = { registry = "https://pypi.org/simple" }
sdist = { url = "https://files.pythonhosted.org/packages/94/e7/b2c673351809dca68a0e064b6af791aa332cf192da575fd474ed7d6f16a2/six-1.17.0.tar.gz", hash = "sha256:ff70335d468e7eb6ec65b95b99d3a2836546063f63acc5171de367e834932a81", size = 34031 }
wheels = [
    { url = "https://files.pythonhosted.org/packages/b7/ce/149a00dd41f10bc29e5921b496af8b574d8413afcd5e30dfa0ed46c2cc5e/six-1.17.0-py2.py3-none-any.whl", hash = "sha256:4721f391ed90541fddacab5acf947aa0d3dc7d27b2e1e8eda2be8970586c3274", size = 11050 },
]
